// !$*UTF8*$!
{
	archiveVersion = 1;
	classes = {
	};
	objectVersion = 55;
	objects = {

/* Begin PBXBuildFile section */
		8F18568B28D9DAE100E37847 /* SettingsView.swift in Sources */ = {isa = PBXBuildFile; fileRef = 8F18568A28D9DAE100E37847 /* SettingsView.swift */; };
		8F18568D28D9EC4800E37847 /* Log.swift in Sources */ = {isa = PBXBuildFile; fileRef = 8F18568C28D9EC4800E37847 /* Log.swift */; };
		8F18569028D9EC8D00E37847 /* Category.swift in Sources */ = {isa = PBXBuildFile; fileRef = 8F18568F28D9EC8D00E37847 /* Category.swift */; };
		8F18569228D9ECD200E37847 /* LogSystem.swift in Sources */ = {isa = PBXBuildFile; fileRef = 8F18569128D9ECD200E37847 /* LogSystem.swift */; };
		8F18569428DA00E300E37847 /* Backup.swift in Sources */ = {isa = PBXBuildFile; fileRef = 8F18569328DA00E300E37847 /* Backup.swift */; };
		8F1A4D8528DBD38E00BF1532 /* BackupView.swift in Sources */ = {isa = PBXBuildFile; fileRef = 8F1A4D8428DBD38E00BF1532 /* BackupView.swift */; };
		8F2F5E2D28C8FE6700C7D749 /* SDGParser in Frameworks */ = {isa = PBXBuildFile; productRef = 8F2F5E2C28C8FE6700C7D749 /* SDGParser */; };
		8F2F5E3028C9072500C7D749 /* Player.swift in Sources */ = {isa = PBXBuildFile; fileRef = 8F2F5E2F28C9072500C7D749 /* Player.swift */; };
		8F2F703C28DCD7D300678F1B /* HelpView.swift in Sources */ = {isa = PBXBuildFile; fileRef = 8F2F703B28DCD7D300678F1B /* HelpView.swift */; };
		8F34284828D8DAE500C706EB /* InventoryView.swift in Sources */ = {isa = PBXBuildFile; fileRef = 8F34284728D8DAE500C706EB /* InventoryView.swift */; };
		8F34284A28D8DD7900C706EB /* Inventory.swift in Sources */ = {isa = PBXBuildFile; fileRef = 8F34284928D8DD7900C706EB /* Inventory.swift */; };
		8F442D6428DCC01E0048266A /* GameBackupSectionView.swift in Sources */ = {isa = PBXBuildFile; fileRef = 8F442D6328DCC01E0048266A /* GameBackupSectionView.swift */; };
		8F442D6628DCC7EB0048266A /* RootViewModel.swift in Sources */ = {isa = PBXBuildFile; fileRef = 8F442D6528DCC7EB0048266A /* RootViewModel.swift */; };
		8F5B771426D8124100B2AA7E /* Settings.swift in Sources */ = {isa = PBXBuildFile; fileRef = 8F5B771326D8124100B2AA7E /* Settings.swift */; };
		8F5B771726D812BC00B2AA7E /* Setting.swift in Sources */ = {isa = PBXBuildFile; fileRef = 8F5B771626D812BC00B2AA7E /* Setting.swift */; };
		8F5B772226D90B4100B2AA7E /* DirectoryView.swift in Sources */ = {isa = PBXBuildFile; fileRef = 8F5B772126D90B4100B2AA7E /* DirectoryView.swift */; };
		8F5B772426D90BBD00B2AA7E /* GameManager.swift in Sources */ = {isa = PBXBuildFile; fileRef = 8F5B772326D90BBD00B2AA7E /* GameManager.swift */; };
		8F5B772626D90CA600B2AA7E /* Game.swift in Sources */ = {isa = PBXBuildFile; fileRef = 8F5B772526D90CA600B2AA7E /* Game.swift */; };
		8F5B772826D9333400B2AA7E /* GameRowView.swift in Sources */ = {isa = PBXBuildFile; fileRef = 8F5B772726D9333400B2AA7E /* GameRowView.swift */; };
		8F5B772A26D933D000B2AA7E /* GameView.swift in Sources */ = {isa = PBXBuildFile; fileRef = 8F5B772926D933D000B2AA7E /* GameView.swift */; };
		8F5D8FE726D7E2A300E0FA08 /* RootScene.swift in Sources */ = {isa = PBXBuildFile; fileRef = 8F5D8FE626D7E2A300E0FA08 /* RootScene.swift */; };
		8F5D8FE926D7E38000E0FA08 /* IntroView.swift in Sources */ = {isa = PBXBuildFile; fileRef = 8F5D8FE826D7E38000E0FA08 /* IntroView.swift */; };
		8F66500928D4C7140096C703 /* FriendshipView.swift in Sources */ = {isa = PBXBuildFile; fileRef = 8F66500828D4C7140096C703 /* FriendshipView.swift */; };
		8F66500B28D4C7A90096C703 /* FriendshipData.swift in Sources */ = {isa = PBXBuildFile; fileRef = 8F66500A28D4C7A90096C703 /* FriendshipData.swift */; };
		8F66500D28D4EBCD0096C703 /* PersonForm.swift in Sources */ = {isa = PBXBuildFile; fileRef = 8F66500C28D4EBCD0096C703 /* PersonForm.swift */; };
		8F66500F28D4ECB60096C703 /* AttackViews.swift in Sources */ = {isa = PBXBuildFile; fileRef = 8F66500E28D4ECB60096C703 /* AttackViews.swift */; };
		8F66501228D4F5160096C703 /* PlayerUpgrades.swift in Sources */ = {isa = PBXBuildFile; fileRef = 8F66501128D4F5160096C703 /* PlayerUpgrades.swift */; };
		8F66501428D4FBB90096C703 /* ExperiencePoints.swift in Sources */ = {isa = PBXBuildFile; fileRef = 8F66501328D4FBB90096C703 /* ExperiencePoints.swift */; };
		8F66501628D4FCC60096C703 /* ExperienceView.swift in Sources */ = {isa = PBXBuildFile; fileRef = 8F66501528D4FCC60096C703 /* ExperienceView.swift */; };
		8F667EF328CB7EB100696790 /* Filemanager+Extensions.swift in Sources */ = {isa = PBXBuildFile; fileRef = 8F667EF228CB7EB100696790 /* Filemanager+Extensions.swift */; };
		8F7326192694B9F9002DCDA7 /* SV_SavesApp.swift in Sources */ = {isa = PBXBuildFile; fileRef = 8F7326182694B9F9002DCDA7 /* SV_SavesApp.swift */; };
		8F73261F2694B9FC002DCDA7 /* Assets.xcassets in Resources */ = {isa = PBXBuildFile; fileRef = 8F73261E2694B9FC002DCDA7 /* Assets.xcassets */; };
		8F7326222694B9FC002DCDA7 /* Preview Assets.xcassets in Resources */ = {isa = PBXBuildFile; fileRef = 8F7326212694B9FC002DCDA7 /* Preview Assets.xcassets */; };
		8F73262D2694B9FC002DCDA7 /* SV_SavesTests.swift in Sources */ = {isa = PBXBuildFile; fileRef = 8F73262C2694B9FC002DCDA7 /* SV_SavesTests.swift */; };
		8F7326372694B9FC002DCDA7 /* SV_SavesUITests.swift in Sources */ = {isa = PBXBuildFile; fileRef = 8F7326362694B9FC002DCDA7 /* SV_SavesUITests.swift */; };
/* End PBXBuildFile section */

/* Begin PBXContainerItemProxy section */
		8F7326292694B9FC002DCDA7 /* PBXContainerItemProxy */ = {
			isa = PBXContainerItemProxy;
			containerPortal = 8F73260D2694B9F9002DCDA7 /* Project object */;
			proxyType = 1;
			remoteGlobalIDString = 8F7326142694B9F9002DCDA7;
			remoteInfo = "SV Saves";
		};
		8F7326332694B9FC002DCDA7 /* PBXContainerItemProxy */ = {
			isa = PBXContainerItemProxy;
			containerPortal = 8F73260D2694B9F9002DCDA7 /* Project object */;
			proxyType = 1;
			remoteGlobalIDString = 8F7326142694B9F9002DCDA7;
			remoteInfo = "SV Saves";
		};
/* End PBXContainerItemProxy section */

/* Begin PBXFileReference section */
		8F18568A28D9DAE100E37847 /* SettingsView.swift */ = {isa = PBXFileReference; lastKnownFileType = sourcecode.swift; path = SettingsView.swift; sourceTree = "<group>"; };
		8F18568C28D9EC4800E37847 /* Log.swift */ = {isa = PBXFileReference; lastKnownFileType = sourcecode.swift; path = Log.swift; sourceTree = "<group>"; };
		8F18568F28D9EC8D00E37847 /* Category.swift */ = {isa = PBXFileReference; lastKnownFileType = sourcecode.swift; path = Category.swift; sourceTree = "<group>"; };
		8F18569128D9ECD200E37847 /* LogSystem.swift */ = {isa = PBXFileReference; lastKnownFileType = sourcecode.swift; path = LogSystem.swift; sourceTree = "<group>"; };
		8F18569328DA00E300E37847 /* Backup.swift */ = {isa = PBXFileReference; lastKnownFileType = sourcecode.swift; path = Backup.swift; sourceTree = "<group>"; };
		8F1A4D8428DBD38E00BF1532 /* BackupView.swift */ = {isa = PBXFileReference; lastKnownFileType = sourcecode.swift; path = BackupView.swift; sourceTree = "<group>"; };
		8F2F5E2A28C8FE5D00C7D749 /* SDGParser */ = {isa = PBXFileReference; lastKnownFileType = wrapper; path = SDGParser; sourceTree = "<group>"; };
		8F2F5E2F28C9072500C7D749 /* Player.swift */ = {isa = PBXFileReference; lastKnownFileType = sourcecode.swift; path = Player.swift; sourceTree = "<group>"; };
		8F2F703B28DCD7D300678F1B /* HelpView.swift */ = {isa = PBXFileReference; lastKnownFileType = sourcecode.swift; path = HelpView.swift; sourceTree = "<group>"; };
		8F34284728D8DAE500C706EB /* InventoryView.swift */ = {isa = PBXFileReference; lastKnownFileType = sourcecode.swift; path = InventoryView.swift; sourceTree = "<group>"; };
		8F34284928D8DD7900C706EB /* Inventory.swift */ = {isa = PBXFileReference; lastKnownFileType = sourcecode.swift; path = Inventory.swift; sourceTree = "<group>"; };
		8F442D6328DCC01E0048266A /* GameBackupSectionView.swift */ = {isa = PBXFileReference; lastKnownFileType = sourcecode.swift; path = GameBackupSectionView.swift; sourceTree = "<group>"; };
		8F442D6528DCC7EB0048266A /* RootViewModel.swift */ = {isa = PBXFileReference; lastKnownFileType = sourcecode.swift; path = RootViewModel.swift; sourceTree = "<group>"; };
		8F5B771326D8124100B2AA7E /* Settings.swift */ = {isa = PBXFileReference; lastKnownFileType = sourcecode.swift; path = Settings.swift; sourceTree = "<group>"; };
		8F5B771626D812BC00B2AA7E /* Setting.swift */ = {isa = PBXFileReference; lastKnownFileType = sourcecode.swift; path = Setting.swift; sourceTree = "<group>"; };
		8F5B772126D90B4100B2AA7E /* DirectoryView.swift */ = {isa = PBXFileReference; lastKnownFileType = sourcecode.swift; path = DirectoryView.swift; sourceTree = "<group>"; };
		8F5B772326D90BBD00B2AA7E /* GameManager.swift */ = {isa = PBXFileReference; lastKnownFileType = sourcecode.swift; path = GameManager.swift; sourceTree = "<group>"; };
		8F5B772526D90CA600B2AA7E /* Game.swift */ = {isa = PBXFileReference; lastKnownFileType = sourcecode.swift; path = Game.swift; sourceTree = "<group>"; };
		8F5B772726D9333400B2AA7E /* GameRowView.swift */ = {isa = PBXFileReference; lastKnownFileType = sourcecode.swift; path = GameRowView.swift; sourceTree = "<group>"; };
		8F5B772926D933D000B2AA7E /* GameView.swift */ = {isa = PBXFileReference; lastKnownFileType = sourcecode.swift; path = GameView.swift; sourceTree = "<group>"; };
		8F5D8FE626D7E2A300E0FA08 /* RootScene.swift */ = {isa = PBXFileReference; lastKnownFileType = sourcecode.swift; path = RootScene.swift; sourceTree = "<group>"; };
		8F5D8FE826D7E38000E0FA08 /* IntroView.swift */ = {isa = PBXFileReference; lastKnownFileType = sourcecode.swift; path = IntroView.swift; sourceTree = "<group>"; };
		8F66500828D4C7140096C703 /* FriendshipView.swift */ = {isa = PBXFileReference; lastKnownFileType = sourcecode.swift; path = FriendshipView.swift; sourceTree = "<group>"; };
		8F66500A28D4C7A90096C703 /* FriendshipData.swift */ = {isa = PBXFileReference; lastKnownFileType = sourcecode.swift; path = FriendshipData.swift; sourceTree = "<group>"; };
		8F66500C28D4EBCD0096C703 /* PersonForm.swift */ = {isa = PBXFileReference; lastKnownFileType = sourcecode.swift; path = PersonForm.swift; sourceTree = "<group>"; };
		8F66500E28D4ECB60096C703 /* AttackViews.swift */ = {isa = PBXFileReference; lastKnownFileType = sourcecode.swift; path = AttackViews.swift; sourceTree = "<group>"; };
		8F66501128D4F5160096C703 /* PlayerUpgrades.swift */ = {isa = PBXFileReference; lastKnownFileType = sourcecode.swift; path = PlayerUpgrades.swift; sourceTree = "<group>"; };
		8F66501328D4FBB90096C703 /* ExperiencePoints.swift */ = {isa = PBXFileReference; lastKnownFileType = sourcecode.swift; path = ExperiencePoints.swift; sourceTree = "<group>"; };
		8F66501528D4FCC60096C703 /* ExperienceView.swift */ = {isa = PBXFileReference; lastKnownFileType = sourcecode.swift; path = ExperienceView.swift; sourceTree = "<group>"; };
		8F667EF128CB7A7800696790 /* SV Saves.entitlements */ = {isa = PBXFileReference; lastKnownFileType = text.plist.entitlements; path = "SV Saves.entitlements"; sourceTree = "<group>"; };
		8F667EF228CB7EB100696790 /* Filemanager+Extensions.swift */ = {isa = PBXFileReference; lastKnownFileType = sourcecode.swift; path = "Filemanager+Extensions.swift"; sourceTree = "<group>"; };
		8F7326152694B9F9002DCDA7 /* SV Saves.app */ = {isa = PBXFileReference; explicitFileType = wrapper.application; includeInIndex = 0; path = "SV Saves.app"; sourceTree = BUILT_PRODUCTS_DIR; };
		8F7326182694B9F9002DCDA7 /* SV_SavesApp.swift */ = {isa = PBXFileReference; lastKnownFileType = sourcecode.swift; path = SV_SavesApp.swift; sourceTree = "<group>"; };
		8F73261E2694B9FC002DCDA7 /* Assets.xcassets */ = {isa = PBXFileReference; lastKnownFileType = folder.assetcatalog; path = Assets.xcassets; sourceTree = "<group>"; };
		8F7326212694B9FC002DCDA7 /* Preview Assets.xcassets */ = {isa = PBXFileReference; lastKnownFileType = folder.assetcatalog; path = "Preview Assets.xcassets"; sourceTree = "<group>"; };
		8F7326232694B9FC002DCDA7 /* Info.plist */ = {isa = PBXFileReference; lastKnownFileType = text.plist.xml; path = Info.plist; sourceTree = "<group>"; };
		8F7326282694B9FC002DCDA7 /* SV SavesTests.xctest */ = {isa = PBXFileReference; explicitFileType = wrapper.cfbundle; includeInIndex = 0; path = "SV SavesTests.xctest"; sourceTree = BUILT_PRODUCTS_DIR; };
		8F73262C2694B9FC002DCDA7 /* SV_SavesTests.swift */ = {isa = PBXFileReference; lastKnownFileType = sourcecode.swift; path = SV_SavesTests.swift; sourceTree = "<group>"; };
		8F7326322694B9FC002DCDA7 /* SV SavesUITests.xctest */ = {isa = PBXFileReference; explicitFileType = wrapper.cfbundle; includeInIndex = 0; path = "SV SavesUITests.xctest"; sourceTree = BUILT_PRODUCTS_DIR; };
		8F7326362694B9FC002DCDA7 /* SV_SavesUITests.swift */ = {isa = PBXFileReference; lastKnownFileType = sourcecode.swift; path = SV_SavesUITests.swift; sourceTree = "<group>"; };
/* End PBXFileReference section */

/* Begin PBXFrameworksBuildPhase section */
		8F7326122694B9F9002DCDA7 /* Frameworks */ = {
			isa = PBXFrameworksBuildPhase;
			buildActionMask = 2147483647;
			files = (
				8F2F5E2D28C8FE6700C7D749 /* SDGParser in Frameworks */,
			);
			runOnlyForDeploymentPostprocessing = 0;
		};
		8F7326252694B9FC002DCDA7 /* Frameworks */ = {
			isa = PBXFrameworksBuildPhase;
			buildActionMask = 2147483647;
			files = (
			);
			runOnlyForDeploymentPostprocessing = 0;
		};
		8F73262F2694B9FC002DCDA7 /* Frameworks */ = {
			isa = PBXFrameworksBuildPhase;
			buildActionMask = 2147483647;
			files = (
			);
			runOnlyForDeploymentPostprocessing = 0;
		};
/* End PBXFrameworksBuildPhase section */

/* Begin PBXGroup section */
		8F18568E28D9EC8400E37847 /* Logging */ = {
			isa = PBXGroup;
			children = (
				8F18568C28D9EC4800E37847 /* Log.swift */,
				8F18568F28D9EC8D00E37847 /* Category.swift */,
				8F18569128D9ECD200E37847 /* LogSystem.swift */,
			);
			path = Logging;
			sourceTree = "<group>";
		};
		8F2F5E2B28C8FE6700C7D749 /* Frameworks */ = {
			isa = PBXGroup;
			children = (
			);
			name = Frameworks;
			sourceTree = "<group>";
		};
		8F2F5E2E28C9061F00C7D749 /* Data */ = {
			isa = PBXGroup;
			children = (
				8F5B772526D90CA600B2AA7E /* Game.swift */,
				8F2F5E2F28C9072500C7D749 /* Player.swift */,
				8F66501328D4FBB90096C703 /* ExperiencePoints.swift */,
				8F66500A28D4C7A90096C703 /* FriendshipData.swift */,
				8F18569328DA00E300E37847 /* Backup.swift */,
				8F34284928D8DD7900C706EB /* Inventory.swift */,
			);
			path = Data;
			sourceTree = "<group>";
		};
		8F5B771526D8129B00B2AA7E /* Settings */ = {
			isa = PBXGroup;
			children = (
				8F5B771326D8124100B2AA7E /* Settings.swift */,
				8F5B771626D812BC00B2AA7E /* Setting.swift */,
			);
			path = Settings;
			sourceTree = "<group>";
		};
		8F66501028D4F5020096C703 /* Player Views */ = {
			isa = PBXGroup;
			children = (
				8F66500C28D4EBCD0096C703 /* PersonForm.swift */,
				8F66500E28D4ECB60096C703 /* AttackViews.swift */,
				8F66500828D4C7140096C703 /* FriendshipView.swift */,
				8F66501128D4F5160096C703 /* PlayerUpgrades.swift */,
				8F66501528D4FCC60096C703 /* ExperienceView.swift */,
				8F34284728D8DAE500C706EB /* InventoryView.swift */,
			);
			path = "Player Views";
			sourceTree = "<group>";
		};
		8F73260C2694B9F9002DCDA7 = {
			isa = PBXGroup;
			children = (
				8F2F5E2A28C8FE5D00C7D749 /* SDGParser */,
				8F7326172694B9F9002DCDA7 /* SV Saves */,
				8F73262B2694B9FC002DCDA7 /* SV SavesTests */,
				8F7326352694B9FC002DCDA7 /* SV SavesUITests */,
				8F7326162694B9F9002DCDA7 /* Products */,
				8F2F5E2B28C8FE6700C7D749 /* Frameworks */,
			);
			sourceTree = "<group>";
		};
		8F7326162694B9F9002DCDA7 /* Products */ = {
			isa = PBXGroup;
			children = (
				8F7326152694B9F9002DCDA7 /* SV Saves.app */,
				8F7326282694B9FC002DCDA7 /* SV SavesTests.xctest */,
				8F7326322694B9FC002DCDA7 /* SV SavesUITests.xctest */,
			);
			name = Products;
			sourceTree = "<group>";
		};
		8F7326172694B9F9002DCDA7 /* SV Saves */ = {
			isa = PBXGroup;
			children = (
				8F667EF128CB7A7800696790 /* SV Saves.entitlements */,
				8F7326182694B9F9002DCDA7 /* SV_SavesApp.swift */,
				8F5B772326D90BBD00B2AA7E /* GameManager.swift */,
				8F2F5E2E28C9061F00C7D749 /* Data */,
				8F5D8FE626D7E2A300E0FA08 /* RootScene.swift */,
				8F442D6528DCC7EB0048266A /* RootViewModel.swift */,
				8F5D8FE826D7E38000E0FA08 /* IntroView.swift */,
				8F5B772126D90B4100B2AA7E /* DirectoryView.swift */,
				8F18568A28D9DAE100E37847 /* SettingsView.swift */,
				8F5B772726D9333400B2AA7E /* GameRowView.swift */,
				8F5B772926D933D000B2AA7E /* GameView.swift */,
				8F442D6328DCC01E0048266A /* GameBackupSectionView.swift */,
				8F1A4D8428DBD38E00BF1532 /* BackupView.swift */,
				8F2F703B28DCD7D300678F1B /* HelpView.swift */,
				8F66501028D4F5020096C703 /* Player Views */,
				8F667EF228CB7EB100696790 /* Filemanager+Extensions.swift */,
				8F18568E28D9EC8400E37847 /* Logging */,
				8F5B771526D8129B00B2AA7E /* Settings */,
				8F73261E2694B9FC002DCDA7 /* Assets.xcassets */,
				8F7326232694B9FC002DCDA7 /* Info.plist */,
				8F7326202694B9FC002DCDA7 /* Preview Content */,
			);
			path = "SV Saves";
			sourceTree = "<group>";
		};
		8F7326202694B9FC002DCDA7 /* Preview Content */ = {
			isa = PBXGroup;
			children = (
				8F7326212694B9FC002DCDA7 /* Preview Assets.xcassets */,
			);
			path = "Preview Content";
			sourceTree = "<group>";
		};
		8F73262B2694B9FC002DCDA7 /* SV SavesTests */ = {
			isa = PBXGroup;
			children = (
				8F73262C2694B9FC002DCDA7 /* SV_SavesTests.swift */,
			);
			path = "SV SavesTests";
			sourceTree = "<group>";
		};
		8F7326352694B9FC002DCDA7 /* SV SavesUITests */ = {
			isa = PBXGroup;
			children = (
				8F7326362694B9FC002DCDA7 /* SV_SavesUITests.swift */,
			);
			path = "SV SavesUITests";
			sourceTree = "<group>";
		};
/* End PBXGroup section */

/* Begin PBXNativeTarget section */
		8F7326142694B9F9002DCDA7 /* SV Saves */ = {
			isa = PBXNativeTarget;
			buildConfigurationList = 8F73263A2694B9FC002DCDA7 /* Build configuration list for PBXNativeTarget "SV Saves" */;
			buildPhases = (
				8F7326112694B9F9002DCDA7 /* Sources */,
				8F7326122694B9F9002DCDA7 /* Frameworks */,
				8F7326132694B9F9002DCDA7 /* Resources */,
			);
			buildRules = (
			);
			dependencies = (
			);
			name = "SV Saves";
			packageProductDependencies = (
				8F2F5E2C28C8FE6700C7D749 /* SDGParser */,
			);
			productName = "SV Saves";
			productReference = 8F7326152694B9F9002DCDA7 /* SV Saves.app */;
			productType = "com.apple.product-type.application";
		};
		8F7326272694B9FC002DCDA7 /* SV SavesTests */ = {
			isa = PBXNativeTarget;
			buildConfigurationList = 8F73263D2694B9FC002DCDA7 /* Build configuration list for PBXNativeTarget "SV SavesTests" */;
			buildPhases = (
				8F7326242694B9FC002DCDA7 /* Sources */,
				8F7326252694B9FC002DCDA7 /* Frameworks */,
				8F7326262694B9FC002DCDA7 /* Resources */,
			);
			buildRules = (
			);
			dependencies = (
				8F73262A2694B9FC002DCDA7 /* PBXTargetDependency */,
			);
			name = "SV SavesTests";
			productName = "SV SavesTests";
			productReference = 8F7326282694B9FC002DCDA7 /* SV SavesTests.xctest */;
			productType = "com.apple.product-type.bundle.unit-test";
		};
		8F7326312694B9FC002DCDA7 /* SV SavesUITests */ = {
			isa = PBXNativeTarget;
			buildConfigurationList = 8F7326402694B9FC002DCDA7 /* Build configuration list for PBXNativeTarget "SV SavesUITests" */;
			buildPhases = (
				8F73262E2694B9FC002DCDA7 /* Sources */,
				8F73262F2694B9FC002DCDA7 /* Frameworks */,
				8F7326302694B9FC002DCDA7 /* Resources */,
			);
			buildRules = (
			);
			dependencies = (
				8F7326342694B9FC002DCDA7 /* PBXTargetDependency */,
			);
			name = "SV SavesUITests";
			productName = "SV SavesUITests";
			productReference = 8F7326322694B9FC002DCDA7 /* SV SavesUITests.xctest */;
			productType = "com.apple.product-type.bundle.ui-testing";
		};
/* End PBXNativeTarget section */

/* Begin PBXProject section */
		8F73260D2694B9F9002DCDA7 /* Project object */ = {
			isa = PBXProject;
			attributes = {
				BuildIndependentTargetsInParallel = 1;
				LastSwiftUpdateCheck = 1300;
				LastUpgradeCheck = 1300;
				TargetAttributes = {
					8F7326142694B9F9002DCDA7 = {
						CreatedOnToolsVersion = 13.0;
					};
					8F7326272694B9FC002DCDA7 = {
						CreatedOnToolsVersion = 13.0;
						TestTargetID = 8F7326142694B9F9002DCDA7;
					};
					8F7326312694B9FC002DCDA7 = {
						CreatedOnToolsVersion = 13.0;
						TestTargetID = 8F7326142694B9F9002DCDA7;
					};
				};
			};
			buildConfigurationList = 8F7326102694B9F9002DCDA7 /* Build configuration list for PBXProject "SV Saves" */;
			compatibilityVersion = "Xcode 13.0";
			developmentRegion = en;
			hasScannedForEncodings = 0;
			knownRegions = (
				en,
				Base,
			);
			mainGroup = 8F73260C2694B9F9002DCDA7;
			packageReferences = (
			);
			productRefGroup = 8F7326162694B9F9002DCDA7 /* Products */;
			projectDirPath = "";
			projectRoot = "";
			targets = (
				8F7326142694B9F9002DCDA7 /* SV Saves */,
				8F7326272694B9FC002DCDA7 /* SV SavesTests */,
				8F7326312694B9FC002DCDA7 /* SV SavesUITests */,
			);
		};
/* End PBXProject section */

/* Begin PBXResourcesBuildPhase section */
		8F7326132694B9F9002DCDA7 /* Resources */ = {
			isa = PBXResourcesBuildPhase;
			buildActionMask = 2147483647;
			files = (
				8F7326222694B9FC002DCDA7 /* Preview Assets.xcassets in Resources */,
				8F73261F2694B9FC002DCDA7 /* Assets.xcassets in Resources */,
			);
			runOnlyForDeploymentPostprocessing = 0;
		};
		8F7326262694B9FC002DCDA7 /* Resources */ = {
			isa = PBXResourcesBuildPhase;
			buildActionMask = 2147483647;
			files = (
			);
			runOnlyForDeploymentPostprocessing = 0;
		};
		8F7326302694B9FC002DCDA7 /* Resources */ = {
			isa = PBXResourcesBuildPhase;
			buildActionMask = 2147483647;
			files = (
			);
			runOnlyForDeploymentPostprocessing = 0;
		};
/* End PBXResourcesBuildPhase section */

/* Begin PBXSourcesBuildPhase section */
		8F7326112694B9F9002DCDA7 /* Sources */ = {
			isa = PBXSourcesBuildPhase;
			buildActionMask = 2147483647;
			files = (
				8F34284A28D8DD7900C706EB /* Inventory.swift in Sources */,
				8F18568D28D9EC4800E37847 /* Log.swift in Sources */,
				8F18568B28D9DAE100E37847 /* SettingsView.swift in Sources */,
				8F5B771426D8124100B2AA7E /* Settings.swift in Sources */,
				8F5D8FE726D7E2A300E0FA08 /* RootScene.swift in Sources */,
				8F18569228D9ECD200E37847 /* LogSystem.swift in Sources */,
				8F442D6428DCC01E0048266A /* GameBackupSectionView.swift in Sources */,
				8F66501228D4F5160096C703 /* PlayerUpgrades.swift in Sources */,
				8F5B772826D9333400B2AA7E /* GameRowView.swift in Sources */,
				8F66500D28D4EBCD0096C703 /* PersonForm.swift in Sources */,
				8F18569428DA00E300E37847 /* Backup.swift in Sources */,
				8F2F5E3028C9072500C7D749 /* Player.swift in Sources */,
				8F66500B28D4C7A90096C703 /* FriendshipData.swift in Sources */,
				8F2F703C28DCD7D300678F1B /* HelpView.swift in Sources */,
				8F66501628D4FCC60096C703 /* ExperienceView.swift in Sources */,
				8F5D8FE926D7E38000E0FA08 /* IntroView.swift in Sources */,
				8F66500928D4C7140096C703 /* FriendshipView.swift in Sources */,
				8F5B771726D812BC00B2AA7E /* Setting.swift in Sources */,
				8F5B772226D90B4100B2AA7E /* DirectoryView.swift in Sources */,
				8F667EF328CB7EB100696790 /* Filemanager+Extensions.swift in Sources */,
				8F66501428D4FBB90096C703 /* ExperiencePoints.swift in Sources */,
				8F66500F28D4ECB60096C703 /* AttackViews.swift in Sources */,
				8F442D6628DCC7EB0048266A /* RootViewModel.swift in Sources */,
				8F7326192694B9F9002DCDA7 /* SV_SavesApp.swift in Sources */,
				8F5B772626D90CA600B2AA7E /* Game.swift in Sources */,
				8F34284828D8DAE500C706EB /* InventoryView.swift in Sources */,
				8F5B772A26D933D000B2AA7E /* GameView.swift in Sources */,
				8F5B772426D90BBD00B2AA7E /* GameManager.swift in Sources */,
				8F1A4D8528DBD38E00BF1532 /* BackupView.swift in Sources */,
				8F18569028D9EC8D00E37847 /* Category.swift in Sources */,
			);
			runOnlyForDeploymentPostprocessing = 0;
		};
		8F7326242694B9FC002DCDA7 /* Sources */ = {
			isa = PBXSourcesBuildPhase;
			buildActionMask = 2147483647;
			files = (
				8F73262D2694B9FC002DCDA7 /* SV_SavesTests.swift in Sources */,
			);
			runOnlyForDeploymentPostprocessing = 0;
		};
		8F73262E2694B9FC002DCDA7 /* Sources */ = {
			isa = PBXSourcesBuildPhase;
			buildActionMask = 2147483647;
			files = (
				8F7326372694B9FC002DCDA7 /* SV_SavesUITests.swift in Sources */,
			);
			runOnlyForDeploymentPostprocessing = 0;
		};
/* End PBXSourcesBuildPhase section */

/* Begin PBXTargetDependency section */
		8F73262A2694B9FC002DCDA7 /* PBXTargetDependency */ = {
			isa = PBXTargetDependency;
			target = 8F7326142694B9F9002DCDA7 /* SV Saves */;
			targetProxy = 8F7326292694B9FC002DCDA7 /* PBXContainerItemProxy */;
		};
		8F7326342694B9FC002DCDA7 /* PBXTargetDependency */ = {
			isa = PBXTargetDependency;
			target = 8F7326142694B9F9002DCDA7 /* SV Saves */;
			targetProxy = 8F7326332694B9FC002DCDA7 /* PBXContainerItemProxy */;
		};
/* End PBXTargetDependency section */

/* Begin XCBuildConfiguration section */
		8F7326382694B9FC002DCDA7 /* Debug */ = {
			isa = XCBuildConfiguration;
			buildSettings = {
				ALWAYS_SEARCH_USER_PATHS = NO;
				CLANG_ANALYZER_NONNULL = YES;
				CLANG_ANALYZER_NUMBER_OBJECT_CONVERSION = YES_AGGRESSIVE;
				CLANG_CXX_LANGUAGE_STANDARD = "gnu++14";
				CLANG_CXX_LIBRARY = "libc++";
				CLANG_ENABLE_MODULES = YES;
				CLANG_ENABLE_OBJC_ARC = YES;
				CLANG_ENABLE_OBJC_WEAK = YES;
				CLANG_WARN_BLOCK_CAPTURE_AUTORELEASING = YES;
				CLANG_WARN_BOOL_CONVERSION = YES;
				CLANG_WARN_COMMA = YES;
				CLANG_WARN_CONSTANT_CONVERSION = YES;
				CLANG_WARN_DEPRECATED_OBJC_IMPLEMENTATIONS = YES;
				CLANG_WARN_DIRECT_OBJC_ISA_USAGE = YES_ERROR;
				CLANG_WARN_DOCUMENTATION_COMMENTS = YES;
				CLANG_WARN_EMPTY_BODY = YES;
				CLANG_WARN_ENUM_CONVERSION = YES;
				CLANG_WARN_INFINITE_RECURSION = YES;
				CLANG_WARN_INT_CONVERSION = YES;
				CLANG_WARN_NON_LITERAL_NULL_CONVERSION = YES;
				CLANG_WARN_OBJC_IMPLICIT_RETAIN_SELF = YES;
				CLANG_WARN_OBJC_LITERAL_CONVERSION = YES;
				CLANG_WARN_OBJC_ROOT_CLASS = YES_ERROR;
				CLANG_WARN_QUOTED_INCLUDE_IN_FRAMEWORK_HEADER = YES;
				CLANG_WARN_RANGE_LOOP_ANALYSIS = YES;
				CLANG_WARN_STRICT_PROTOTYPES = YES;
				CLANG_WARN_SUSPICIOUS_MOVE = YES;
				CLANG_WARN_UNGUARDED_AVAILABILITY = YES_AGGRESSIVE;
				CLANG_WARN_UNREACHABLE_CODE = YES;
				CLANG_WARN__DUPLICATE_METHOD_MATCH = YES;
				COPY_PHASE_STRIP = NO;
				DEBUG_INFORMATION_FORMAT = dwarf;
				ENABLE_STRICT_OBJC_MSGSEND = YES;
				ENABLE_TESTABILITY = YES;
				GCC_C_LANGUAGE_STANDARD = gnu11;
				GCC_DYNAMIC_NO_PIC = NO;
				GCC_NO_COMMON_BLOCKS = YES;
				GCC_OPTIMIZATION_LEVEL = 0;
				GCC_PREPROCESSOR_DEFINITIONS = (
					"DEBUG=1",
					"$(inherited)",
				);
				GCC_WARN_64_TO_32_BIT_CONVERSION = YES;
				GCC_WARN_ABOUT_RETURN_TYPE = YES_ERROR;
				GCC_WARN_UNDECLARED_SELECTOR = YES;
				GCC_WARN_UNINITIALIZED_AUTOS = YES_AGGRESSIVE;
				GCC_WARN_UNUSED_FUNCTION = YES;
				GCC_WARN_UNUSED_VARIABLE = YES;
				IPHONEOS_DEPLOYMENT_TARGET = 15.0;
				MTL_ENABLE_DEBUG_INFO = INCLUDE_SOURCE;
				MTL_FAST_MATH = YES;
				ONLY_ACTIVE_ARCH = YES;
				SDKROOT = iphoneos;
				SWIFT_ACTIVE_COMPILATION_CONDITIONS = DEBUG;
				SWIFT_OPTIMIZATION_LEVEL = "-Onone";
			};
			name = Debug;
		};
		8F7326392694B9FC002DCDA7 /* Release */ = {
			isa = XCBuildConfiguration;
			buildSettings = {
				ALWAYS_SEARCH_USER_PATHS = NO;
				CLANG_ANALYZER_NONNULL = YES;
				CLANG_ANALYZER_NUMBER_OBJECT_CONVERSION = YES_AGGRESSIVE;
				CLANG_CXX_LANGUAGE_STANDARD = "gnu++14";
				CLANG_CXX_LIBRARY = "libc++";
				CLANG_ENABLE_MODULES = YES;
				CLANG_ENABLE_OBJC_ARC = YES;
				CLANG_ENABLE_OBJC_WEAK = YES;
				CLANG_WARN_BLOCK_CAPTURE_AUTORELEASING = YES;
				CLANG_WARN_BOOL_CONVERSION = YES;
				CLANG_WARN_COMMA = YES;
				CLANG_WARN_CONSTANT_CONVERSION = YES;
				CLANG_WARN_DEPRECATED_OBJC_IMPLEMENTATIONS = YES;
				CLANG_WARN_DIRECT_OBJC_ISA_USAGE = YES_ERROR;
				CLANG_WARN_DOCUMENTATION_COMMENTS = YES;
				CLANG_WARN_EMPTY_BODY = YES;
				CLANG_WARN_ENUM_CONVERSION = YES;
				CLANG_WARN_INFINITE_RECURSION = YES;
				CLANG_WARN_INT_CONVERSION = YES;
				CLANG_WARN_NON_LITERAL_NULL_CONVERSION = YES;
				CLANG_WARN_OBJC_IMPLICIT_RETAIN_SELF = YES;
				CLANG_WARN_OBJC_LITERAL_CONVERSION = YES;
				CLANG_WARN_OBJC_ROOT_CLASS = YES_ERROR;
				CLANG_WARN_QUOTED_INCLUDE_IN_FRAMEWORK_HEADER = YES;
				CLANG_WARN_RANGE_LOOP_ANALYSIS = YES;
				CLANG_WARN_STRICT_PROTOTYPES = YES;
				CLANG_WARN_SUSPICIOUS_MOVE = YES;
				CLANG_WARN_UNGUARDED_AVAILABILITY = YES_AGGRESSIVE;
				CLANG_WARN_UNREACHABLE_CODE = YES;
				CLANG_WARN__DUPLICATE_METHOD_MATCH = YES;
				COPY_PHASE_STRIP = NO;
				DEBUG_INFORMATION_FORMAT = "dwarf-with-dsym";
				ENABLE_NS_ASSERTIONS = NO;
				ENABLE_STRICT_OBJC_MSGSEND = YES;
				GCC_C_LANGUAGE_STANDARD = gnu11;
				GCC_NO_COMMON_BLOCKS = YES;
				GCC_WARN_64_TO_32_BIT_CONVERSION = YES;
				GCC_WARN_ABOUT_RETURN_TYPE = YES_ERROR;
				GCC_WARN_UNDECLARED_SELECTOR = YES;
				GCC_WARN_UNINITIALIZED_AUTOS = YES_AGGRESSIVE;
				GCC_WARN_UNUSED_FUNCTION = YES;
				GCC_WARN_UNUSED_VARIABLE = YES;
				IPHONEOS_DEPLOYMENT_TARGET = 15.0;
				MTL_ENABLE_DEBUG_INFO = NO;
				MTL_FAST_MATH = YES;
				SDKROOT = iphoneos;
				SWIFT_COMPILATION_MODE = wholemodule;
				SWIFT_OPTIMIZATION_LEVEL = "-O";
				VALIDATE_PRODUCT = YES;
			};
			name = Release;
		};
		8F73263B2694B9FC002DCDA7 /* Debug */ = {
			isa = XCBuildConfiguration;
			buildSettings = {
				ASSETCATALOG_COMPILER_APPICON_NAME = AppIcon;
				ASSETCATALOG_COMPILER_GLOBAL_ACCENT_COLOR_NAME = AccentColor;
				CODE_SIGN_ENTITLEMENTS = "SV Saves/SV Saves.entitlements";
				CODE_SIGN_IDENTITY = "Apple Development";
				CODE_SIGN_STYLE = Automatic;
				CURRENT_PROJECT_VERSION = 2;
				DEVELOPMENT_ASSET_PATHS = "\"SV Saves/Preview Content\"";
				DEVELOPMENT_TEAM = QV4QS82KBT;
				ENABLE_PREVIEWS = YES;
				GENERATE_INFOPLIST_FILE = YES;
				INFOPLIST_FILE = "SV Saves/Info.plist";
				INFOPLIST_KEY_UIApplicationSceneManifest_Generation = YES;
				INFOPLIST_KEY_UIApplicationSupportsIndirectInputEvents = YES;
				INFOPLIST_KEY_UILaunchScreen_Generation = YES;
				INFOPLIST_KEY_UISupportedInterfaceOrientations_iPad = "UIInterfaceOrientationPortrait UIInterfaceOrientationPortraitUpsideDown UIInterfaceOrientationLandscapeLeft UIInterfaceOrientationLandscapeRight";
				INFOPLIST_KEY_UISupportedInterfaceOrientations_iPhone = "UIInterfaceOrientationPortrait UIInterfaceOrientationLandscapeLeft UIInterfaceOrientationLandscapeRight";
				INFOPLIST_KEY_UISupportsDocumentBrowser = YES;
				IPHONEOS_DEPLOYMENT_TARGET = 16.0;
				LD_RUNPATH_SEARCH_PATHS = (
					"$(inherited)",
					"@executable_path/Frameworks",
				);
				MARKETING_VERSION = 22.0.1;
				PRODUCT_BUNDLE_IDENTIFIER = "com.FreeBits.SV-Saves";
				PRODUCT_NAME = "$(TARGET_NAME)";
				PROVISIONING_PROFILE_SPECIFIER = "";
				SWIFT_EMIT_LOC_STRINGS = YES;
				SWIFT_VERSION = 5.0;
				TARGETED_DEVICE_FAMILY = "1,2";
			};
			name = Debug;
		};
		8F73263C2694B9FC002DCDA7 /* Release */ = {
			isa = XCBuildConfiguration;
			buildSettings = {
				ASSETCATALOG_COMPILER_APPICON_NAME = AppIcon;
				ASSETCATALOG_COMPILER_GLOBAL_ACCENT_COLOR_NAME = AccentColor;
				CODE_SIGN_ENTITLEMENTS = "SV Saves/SV Saves.entitlements";
				CODE_SIGN_IDENTITY = "Apple Development";
				CODE_SIGN_STYLE = Automatic;
				CURRENT_PROJECT_VERSION = 2;
				DEVELOPMENT_ASSET_PATHS = "\"SV Saves/Preview Content\"";
				DEVELOPMENT_TEAM = QV4QS82KBT;
				ENABLE_PREVIEWS = YES;
				GENERATE_INFOPLIST_FILE = YES;
				INFOPLIST_FILE = "SV Saves/Info.plist";
				INFOPLIST_KEY_UIApplicationSceneManifest_Generation = YES;
				INFOPLIST_KEY_UIApplicationSupportsIndirectInputEvents = YES;
				INFOPLIST_KEY_UILaunchScreen_Generation = YES;
				INFOPLIST_KEY_UISupportedInterfaceOrientations_iPad = "UIInterfaceOrientationPortrait UIInterfaceOrientationPortraitUpsideDown UIInterfaceOrientationLandscapeLeft UIInterfaceOrientationLandscapeRight";
				INFOPLIST_KEY_UISupportedInterfaceOrientations_iPhone = "UIInterfaceOrientationPortrait UIInterfaceOrientationLandscapeLeft UIInterfaceOrientationLandscapeRight";
				INFOPLIST_KEY_UISupportsDocumentBrowser = YES;
				IPHONEOS_DEPLOYMENT_TARGET = 16.0;
				LD_RUNPATH_SEARCH_PATHS = (
					"$(inherited)",
					"@executable_path/Frameworks",
				);
				MARKETING_VERSION = 22.0.1;
				PRODUCT_BUNDLE_IDENTIFIER = "com.FreeBits.SV-Saves";
				PRODUCT_NAME = "$(TARGET_NAME)";
				PROVISIONING_PROFILE_SPECIFIER = "";
				SWIFT_EMIT_LOC_STRINGS = YES;
				SWIFT_VERSION = 5.0;
				TARGETED_DEVICE_FAMILY = "1,2";
			};
			name = Release;
		};
		8F73263E2694B9FC002DCDA7 /* Debug */ = {
			isa = XCBuildConfiguration;
			buildSettings = {
				ALWAYS_EMBED_SWIFT_STANDARD_LIBRARIES = YES;
				BUNDLE_LOADER = "$(TEST_HOST)";
				CODE_SIGN_STYLE = Automatic;
				CURRENT_PROJECT_VERSION = 1;
				DEVELOPMENT_TEAM = QV4QS82KBT;
				GENERATE_INFOPLIST_FILE = YES;
				IPHONEOS_DEPLOYMENT_TARGET = 14.0;
				LD_RUNPATH_SEARCH_PATHS = (
					"$(inherited)",
					"@executable_path/Frameworks",
					"@loader_path/Frameworks",
				);
				MARKETING_VERSION = 1.0;
				PRODUCT_BUNDLE_IDENTIFIER = "com.FreeBits.SV-SavesTests";
				PRODUCT_NAME = "$(TARGET_NAME)";
				SWIFT_EMIT_LOC_STRINGS = NO;
				SWIFT_VERSION = 5.0;
				TARGETED_DEVICE_FAMILY = "1,2";
				TEST_HOST = "$(BUILT_PRODUCTS_DIR)/SV Saves.app/SV Saves";
			};
			name = Debug;
		};
		8F73263F2694B9FC002DCDA7 /* Release */ = {
			isa = XCBuildConfiguration;
			buildSettings = {
				ALWAYS_EMBED_SWIFT_STANDARD_LIBRARIES = YES;
				BUNDLE_LOADER = "$(TEST_HOST)";
				CODE_SIGN_STYLE = Automatic;
				CURRENT_PROJECT_VERSION = 1;
				DEVELOPMENT_TEAM = QV4QS82KBT;
				GENERATE_INFOPLIST_FILE = YES;
				IPHONEOS_DEPLOYMENT_TARGET = 14.0;
				LD_RUNPATH_SEARCH_PATHS = (
					"$(inherited)",
					"@executable_path/Frameworks",
					"@loader_path/Frameworks",
				);
				MARKETING_VERSION = 1.0;
				PRODUCT_BUNDLE_IDENTIFIER = "com.FreeBits.SV-SavesTests";
				PRODUCT_NAME = "$(TARGET_NAME)";
				SWIFT_EMIT_LOC_STRINGS = NO;
				SWIFT_VERSION = 5.0;
				TARGETED_DEVICE_FAMILY = "1,2";
				TEST_HOST = "$(BUILT_PRODUCTS_DIR)/SV Saves.app/SV Saves";
			};
			name = Release;
		};
		8F7326412694B9FC002DCDA7 /* Debug */ = {
			isa = XCBuildConfiguration;
			buildSettings = {
				ALWAYS_EMBED_SWIFT_STANDARD_LIBRARIES = YES;
				CODE_SIGN_STYLE = Automatic;
				CURRENT_PROJECT_VERSION = 1;
				DEVELOPMENT_TEAM = QV4QS82KBT;
				GENERATE_INFOPLIST_FILE = YES;
				LD_RUNPATH_SEARCH_PATHS = (
					"$(inherited)",
					"@executable_path/Frameworks",
					"@loader_path/Frameworks",
				);
				MARKETING_VERSION = 1.0;
				PRODUCT_BUNDLE_IDENTIFIER = "com.FreeBits.SV-SavesUITests";
				PRODUCT_NAME = "$(TARGET_NAME)";
				SWIFT_EMIT_LOC_STRINGS = NO;
				SWIFT_VERSION = 5.0;
				TARGETED_DEVICE_FAMILY = "1,2";
				TEST_TARGET_NAME = "SV Saves";
			};
			name = Debug;
		};
		8F7326422694B9FC002DCDA7 /* Release */ = {
			isa = XCBuildConfiguration;
			buildSettings = {
				ALWAYS_EMBED_SWIFT_STANDARD_LIBRARIES = YES;
				CODE_SIGN_STYLE = Automatic;
				CURRENT_PROJECT_VERSION = 1;
				DEVELOPMENT_TEAM = QV4QS82KBT;
				GENERATE_INFOPLIST_FILE = YES;
				LD_RUNPATH_SEARCH_PATHS = (
					"$(inherited)",
					"@executable_path/Frameworks",
					"@loader_path/Frameworks",
				);
				MARKETING_VERSION = 1.0;
				PRODUCT_BUNDLE_IDENTIFIER = "com.FreeBits.SV-SavesUITests";
				PRODUCT_NAME = "$(TARGET_NAME)";
				SWIFT_EMIT_LOC_STRINGS = NO;
				SWIFT_VERSION = 5.0;
				TARGETED_DEVICE_FAMILY = "1,2";
				TEST_TARGET_NAME = "SV Saves";
			};
			name = Release;
		};
/* End XCBuildConfiguration section */

/* Begin XCConfigurationList section */
		8F7326102694B9F9002DCDA7 /* Build configuration list for PBXProject "SV Saves" */ = {
			isa = XCConfigurationList;
			buildConfigurations = (
				8F7326382694B9FC002DCDA7 /* Debug */,
				8F7326392694B9FC002DCDA7 /* Release */,
			);
			defaultConfigurationIsVisible = 0;
			defaultConfigurationName = Release;
		};
		8F73263A2694B9FC002DCDA7 /* Build configuration list for PBXNativeTarget "SV Saves" */ = {
			isa = XCConfigurationList;
			buildConfigurations = (
				8F73263B2694B9FC002DCDA7 /* Debug */,
				8F73263C2694B9FC002DCDA7 /* Release */,
			);
			defaultConfigurationIsVisible = 0;
			defaultConfigurationName = Release;
		};
		8F73263D2694B9FC002DCDA7 /* Build configuration list for PBXNativeTarget "SV SavesTests" */ = {
			isa = XCConfigurationList;
			buildConfigurations = (
				8F73263E2694B9FC002DCDA7 /* Debug */,
				8F73263F2694B9FC002DCDA7 /* Release */,
			);
			defaultConfigurationIsVisible = 0;
			defaultConfigurationName = Release;
		};
		8F7326402694B9FC002DCDA7 /* Build configuration list for PBXNativeTarget "SV SavesUITests" */ = {
			isa = XCConfigurationList;
			buildConfigurations = (
				8F7326412694B9FC002DCDA7 /* Debug */,
				8F7326422694B9FC002DCDA7 /* Release */,
			);
			defaultConfigurationIsVisible = 0;
			defaultConfigurationName = Release;
		};
/* End XCConfigurationList section */

/* Begin XCSwiftPackageProductDependency section */
		8F2F5E2C28C8FE6700C7D749 /* SDGParser */ = {
			isa = XCSwiftPackageProductDependency;
			productName = SDGParser;
		};
/* End XCSwiftPackageProductDependency section */
	};
	rootObject = 8F73260D2694B9F9002DCDA7 /* Project object */;
}
